
Microsoft Visual Studio Solution File, Format Version 12.00
# Visual Studio Version 17
VisualStudioVersion = 17.7.34221.43
MinimumVisualStudioVersion = 10.0.40219.1
Project("{FAE04EC0-301F-11D3-BF4B-00C04F79EFBC}") = "Tree", "Tree\Tree.csproj", "{83185556-332C-44A9-AC6F-B8879FE569BC}"
EndProject
Global
	GlobalSection(SolutionConfigurationPlatforms) = preSolution
		Debug|Any CPU = Debug|Any CPU
		Release|Any CPU = Release|Any CPU
	EndGlobalSection
	GlobalSection(ProjectConfigurationPlatforms) = postSolution
		{83185556-332C-44A9-AC6F-B8879FE569BC}.Debug|Any CPU.ActiveCfg = Debug|Any CPU
		{83185556-332C-44A9-AC6F-B8879FE569BC}.Debug|Any CPU.Build.0 = Debug|Any CPU
		{83185556-332C-44A9-AC6F-B8879FE569BC}.Release|Any CPU.ActiveCfg = Release|Any CPU
		{83185556-332C-44A9-AC6F-B8879FE569BC}.Release|Any CPU.Build.0 = Release|Any CPU
	EndGlobalSection
	GlobalSection(SolutionProperties) = preSolution
		HideSolutionNode = FALSE
	EndGlobalSection
	GlobalSection(ExtensibilityGlobals) = postSolution
		SolutionGuid = {43BAA3AE-7419-4136-920E-61658C8C7D66}
	EndGlobalSection
EndGlobal
